
Microsoft Visual Studio Solution File, Format Version 12.00
# Visual Studio Version 17
VisualStudioVersion = 17.1.32414.318
MinimumVisualStudioVersion = 10.0.40219.1
Project("{2150E333-8FDC-42A3-9474-1A3956D46DE8}") = "Services", "Services", "{FCA6BF25-EA3C-4D37-AA1C-D8B7FCB9917C}"
EndProject
Project("{2150E333-8FDC-42A3-9474-1A3956D46DE8}") = "UI", "UI", "{BF50BD1E-1C1B-4811-A9A5-3DA30D14EAFF}"
EndProject
Project("{2150E333-8FDC-42A3-9474-1A3956D46DE8}") = "Cadastres", "Cadastres", "{E2415B94-91B0-4B33-A1F9-8513A0CD2BF3}"
EndProject
Project("{2150E333-8FDC-42A3-9474-1A3956D46DE8}") = "Catalog", "Catalog", "{C22F9484-958D-49E4-953C-662E1FD48366}"
EndProject
Project("{2150E333-8FDC-42A3-9474-1A3956D46DE8}") = "Core", "Core", "{C6066B55-1038-40A1-8362-3CF42E2325E5}"
EndProject
Project("{2150E333-8FDC-42A3-9474-1A3956D46DE8}") = "Fiscal", "Fiscal", "{A72E91C8-3593-4DDF-8D1A-889B7A08AABA}"
EndProject
Project("{2150E333-8FDC-42A3-9474-1A3956D46DE8}") = "Payments", "Payments", "{7B726293-1341-4B50-98D1-01D1DF89976C}"
EndProject
Project("{2150E333-8FDC-42A3-9474-1A3956D46DE8}") = "Sales", "Sales", "{4419B29C-FAC1-4572-9F60-976899522998}"
EndProject
Project("{9A19103F-16F7-4668-BE54-9A1E7A4F7556}") = "GkShp.Catalog.Domain", "src\GkShp.Catalog.Domain\GkShp.Catalog.Domain.csproj", "{FA5FAFA1-D0B5-4C23-B787-EA5B26F308DA}"
EndProject
Project("{9A19103F-16F7-4668-BE54-9A1E7A4F7556}") = "GkShp.Core", "src\GkShp.Core\GkShp.Core.csproj", "{3B69D59A-DA33-4AE8-B220-6ADF54E2DCB3}"
EndProject
Project("{9A19103F-16F7-4668-BE54-9A1E7A4F7556}") = "GkShp.Catalog.Domain.Tests", "tests\GkShp.Catalog.Domain.Tests\GkShp.Catalog.Domain.Tests.csproj", "{F97B0678-6550-46CD-95ED-7DDFB5D548A1}"
EndProject
Project("{FAE04EC0-301F-11D3-BF4B-00C04F79EFBC}") = "GkShp.Catalog.Data", "src\GkShp.Catalog.Data\GkShp.Catalog.Data.csproj", "{F3929A2E-86C7-454D-A206-F021F5976B19}"
EndProject
Global
	GlobalSection(SolutionConfigurationPlatforms) = preSolution
		Debug|Any CPU = Debug|Any CPU
		Release|Any CPU = Release|Any CPU
	EndGlobalSection
	GlobalSection(ProjectConfigurationPlatforms) = postSolution
		{FA5FAFA1-D0B5-4C23-B787-EA5B26F308DA}.Debug|Any CPU.ActiveCfg = Debug|Any CPU
		{FA5FAFA1-D0B5-4C23-B787-EA5B26F308DA}.Debug|Any CPU.Build.0 = Debug|Any CPU
		{FA5FAFA1-D0B5-4C23-B787-EA5B26F308DA}.Release|Any CPU.ActiveCfg = Release|Any CPU
		{FA5FAFA1-D0B5-4C23-B787-EA5B26F308DA}.Release|Any CPU.Build.0 = Release|Any CPU
		{3B69D59A-DA33-4AE8-B220-6ADF54E2DCB3}.Debug|Any CPU.ActiveCfg = Debug|Any CPU
		{3B69D59A-DA33-4AE8-B220-6ADF54E2DCB3}.Debug|Any CPU.Build.0 = Debug|Any CPU
		{3B69D59A-DA33-4AE8-B220-6ADF54E2DCB3}.Release|Any CPU.ActiveCfg = Release|Any CPU
		{3B69D59A-DA33-4AE8-B220-6ADF54E2DCB3}.Release|Any CPU.Build.0 = Release|Any CPU
		{F97B0678-6550-46CD-95ED-7DDFB5D548A1}.Debug|Any CPU.ActiveCfg = Debug|Any CPU
		{F97B0678-6550-46CD-95ED-7DDFB5D548A1}.Debug|Any CPU.Build.0 = Debug|Any CPU
		{F97B0678-6550-46CD-95ED-7DDFB5D548A1}.Release|Any CPU.ActiveCfg = Release|Any CPU
		{F97B0678-6550-46CD-95ED-7DDFB5D548A1}.Release|Any CPU.Build.0 = Release|Any CPU
		{F3929A2E-86C7-454D-A206-F021F5976B19}.Debug|Any CPU.ActiveCfg = Debug|Any CPU
		{F3929A2E-86C7-454D-A206-F021F5976B19}.Debug|Any CPU.Build.0 = Debug|Any CPU
		{F3929A2E-86C7-454D-A206-F021F5976B19}.Release|Any CPU.ActiveCfg = Release|Any CPU
		{F3929A2E-86C7-454D-A206-F021F5976B19}.Release|Any CPU.Build.0 = Release|Any CPU
	EndGlobalSection
	GlobalSection(SolutionProperties) = preSolution
		HideSolutionNode = FALSE
	EndGlobalSection
	GlobalSection(NestedProjects) = preSolution
		{E2415B94-91B0-4B33-A1F9-8513A0CD2BF3} = {FCA6BF25-EA3C-4D37-AA1C-D8B7FCB9917C}
		{C22F9484-958D-49E4-953C-662E1FD48366} = {FCA6BF25-EA3C-4D37-AA1C-D8B7FCB9917C}
		{C6066B55-1038-40A1-8362-3CF42E2325E5} = {FCA6BF25-EA3C-4D37-AA1C-D8B7FCB9917C}
		{A72E91C8-3593-4DDF-8D1A-889B7A08AABA} = {FCA6BF25-EA3C-4D37-AA1C-D8B7FCB9917C}
		{7B726293-1341-4B50-98D1-01D1DF89976C} = {FCA6BF25-EA3C-4D37-AA1C-D8B7FCB9917C}
		{4419B29C-FAC1-4572-9F60-976899522998} = {FCA6BF25-EA3C-4D37-AA1C-D8B7FCB9917C}
		{FA5FAFA1-D0B5-4C23-B787-EA5B26F308DA} = {C22F9484-958D-49E4-953C-662E1FD48366}
		{3B69D59A-DA33-4AE8-B220-6ADF54E2DCB3} = {C6066B55-1038-40A1-8362-3CF42E2325E5}
		{F97B0678-6550-46CD-95ED-7DDFB5D548A1} = {C22F9484-958D-49E4-953C-662E1FD48366}
		{F3929A2E-86C7-454D-A206-F021F5976B19} = {C22F9484-958D-49E4-953C-662E1FD48366}
	EndGlobalSection
	GlobalSection(ExtensibilityGlobals) = postSolution
		SolutionGuid = {4AB59E26-8E8D-4382-BEED-BDFAD6130CDC}
	EndGlobalSection
EndGlobal
